{
  "name": "shopping-topologies",
  "version": "1.0.0",
  "lockfileVersion": 2,
  "requires": true,
  "packages": {
    "": {
      "name": "shopping-topologies",
      "version": "1.0.0",
      "license": "ISC",
      "dependencies": {
        "flatbush": "^3.3.0",
        "geokdbush": "^1.1.0",
        "highland": "^2.13.5",
        "kdbush": "^3.0.0",
        "pg": "^8.2.1",
        "pg-query-stream": "^3.1.1",
        "ramda": "^0.27.1",
        "simple-statistics": "^7.4.1",
        "yargs": "^15.3.1"
      }
    },
    "node_modules/@types/color-name": {
      "version": "1.1.1",
      "resolved": "https://registry.npmjs.org/@types/color-name/-/color-name-1.1.1.tgz",
      "integrity": "sha512-rr+OQyAjxze7GgWrSaJwydHStIhHq2lvY3BOC2Mj7KnzI7XK0Uw1TOOdI9lDoajEbSWLiYgoo4f1R51erQfhPQ=="
    },
    "node_modules/ansi-regex": {
      "version": "5.0.1",
      "resolved": "https://registry.npmjs.org/ansi-regex/-/ansi-regex-5.0.1.tgz",
      "integrity": "sha512-quJQXlTSUGL2LH9SUXo8VwsY4soanhgo6LNSm84E1LBcE8s3O0wpdiRzyR9z/ZZJMlMWv37qOOb9pdJlMUEKFQ==",
      "engines": {
        "node": ">=8"
      }
    },
    "node_modules/ansi-styles": {
      "version": "4.2.1",
      "resolved": "https://registry.npmjs.org/ansi-styles/-/ansi-styles-4.2.1.tgz",
      "integrity": "sha512-9VGjrMsG1vePxcSweQsN20KY/c4zN0h9fLjqAbwbPfahM3t+NL+M9HC8xeXG2I8pX5NoamTGNuomEUFI7fcUjA==",
      "dependencies": {
        "@types/color-name": "^1.1.1",
        "color-convert": "^2.0.1"
      },
      "engines": {
        "node": ">=8"
      },
      "funding": {
        "url": "https://github.com/chalk/ansi-styles?sponsor=1"
      }
    },
    "node_modules/buffer-writer": {
      "version": "2.0.0",
      "resolved": "https://registry.npmjs.org/buffer-writer/-/buffer-writer-2.0.0.tgz",
      "integrity": "sha512-a7ZpuTZU1TRtnwyCNW3I5dc0wWNC3VR9S++Ewyk2HHZdrO3CQJqSpd+95Us590V6AL7JqUAH2IwZ/398PmNFgw==",
      "engines": {
        "node": ">=4"
      }
    },
    "node_modules/camelcase": {
      "version": "5.3.1",
      "resolved": "https://registry.npmjs.org/camelcase/-/camelcase-5.3.1.tgz",
      "integrity": "sha512-L28STB170nwWS63UjtlEOE3dldQApaJXZkOI1uMFfzf3rRuPegHaHesyee+YxQ+W6SvRDQV6UrdOdRiR153wJg==",
      "engines": {
        "node": ">=6"
      }
    },
    "node_modules/cliui": {
      "version": "6.0.0",
      "resolved": "https://registry.npmjs.org/cliui/-/cliui-6.0.0.tgz",
      "integrity": "sha512-t6wbgtoCXvAzst7QgXxJYqPt0usEfbgQdftEPbLL/cvv6HPE5VgvqCuAIDR0NgU52ds6rFwqrgakNLrHEjCbrQ==",
      "dependencies": {
        "string-width": "^4.2.0",
        "strip-ansi": "^6.0.0",
        "wrap-ansi": "^6.2.0"
      }
    },
    "node_modules/color-convert": {
      "version": "2.0.1",
      "resolved": "https://registry.npmjs.org/color-convert/-/color-convert-2.0.1.tgz",
      "integrity": "sha512-RRECPsj7iu/xb5oKYcsFHSppFNnsj/52OVTRKb4zP5onXwVF3zVmmToNcOfGC+CRDpfK/U584fMg38ZHCaElKQ==",
      "dependencies": {
        "color-name": "~1.1.4"
      },
      "engines": {
        "node": ">=7.0.0"
      }
    },
    "node_modules/color-name": {
      "version": "1.1.4",
      "resolved": "https://registry.npmjs.org/color-name/-/color-name-1.1.4.tgz",
      "integrity": "sha512-dOy+3AuW3a2wNbZHIuMZpTcgjGuLU/uBL/ubcZF9OXbDo8ff4O8yVp5Bf0efS8uEoYo5q4Fx7dY9OgQGXgAsQA=="
    },
    "node_modules/decamelize": {
      "version": "1.2.0",
      "resolved": "https://registry.npmjs.org/decamelize/-/decamelize-1.2.0.tgz",
      "integrity": "sha1-9lNNFRSCabIDUue+4m9QH5oZEpA=",
      "engines": {
        "node": ">=0.10.0"
      }
    },
    "node_modules/emoji-regex": {
      "version": "8.0.0",
      "resolved": "https://registry.npmjs.org/emoji-regex/-/emoji-regex-8.0.0.tgz",
      "integrity": "sha512-MSjYzcWNOA0ewAHpz0MxpYFvwg6yjy1NG3xteoqz644VCo/RPgnr1/GGt+ic3iJTzQ8Eu3TdM14SawnVUmGE6A=="
    },
    "node_modules/find-up": {
      "version": "4.1.0",
      "resolved": "https://registry.npmjs.org/find-up/-/find-up-4.1.0.tgz",
      "integrity": "sha512-PpOwAdQ/YlXQ2vj8a3h8IipDuYRi3wceVQQGYWxNINccq40Anw7BlsEXCMbt1Zt+OLA6Fq9suIpIWD0OsnISlw==",
      "dependencies": {
        "locate-path": "^5.0.0",
        "path-exists": "^4.0.0"
      },
      "engines": {
        "node": ">=8"
      }
    },
    "node_modules/flatbush": {
      "version": "3.3.0",
      "resolved": "https://registry.npmjs.org/flatbush/-/flatbush-3.3.0.tgz",
      "integrity": "sha512-F3EzQvKpdmXUbFwWxLKBpytOFEGYQMCTBLuqZ4GEajFOEAvnOIBiyxW3OFSZXIOtpCS8teN6bFEpNZtnVXuDQA==",
      "dependencies": {
        "flatqueue": "^1.2.0"
      }
    },
    "node_modules/flatqueue": {
      "version": "1.2.1",
      "resolved": "https://registry.npmjs.org/flatqueue/-/flatqueue-1.2.1.tgz",
      "integrity": "sha512-X86TpWS1rGuY7m382HuA9vngLeDuWA9lJvhEG+GfgKMV5onSvx5a71cl7GMbXzhWtlN9dGfqOBrpfqeOtUfGYQ=="
    },
    "node_modules/geokdbush": {
      "version": "1.1.0",
      "resolved": "https://registry.npmjs.org/geokdbush/-/geokdbush-1.1.0.tgz",
      "integrity": "sha1-ql6OeVOmWUtAqF+9thBZrw9RRo8=",
      "dependencies": {
        "tinyqueue": "^1.2.2"
      }
    },
    "node_modules/get-caller-file": {
      "version": "2.0.5",
      "resolved": "https://registry.npmjs.org/get-caller-file/-/get-caller-file-2.0.5.tgz",
      "integrity": "sha512-DyFP3BM/3YHTQOCUL/w0OZHR0lpKeGrxotcHWcqNEdnltqFwXVfhEBQ94eIo34AfQpo0rGki4cyIiftY06h2Fg==",
      "engines": {
        "node": "6.* || 8.* || >= 10.*"
      }
    },
    "node_modules/highland": {
      "version": "2.13.5",
      "resolved": "https://registry.npmjs.org/highland/-/highland-2.13.5.tgz",
      "integrity": "sha512-dn2flPapIIAa4BtkB2ahjshg8iSJtrJtdhEb9/oiOrS5HMQTR/GuhFpqJ+11YBdtnl3AwWKvbZd1Uxr8uAmA7A==",
      "dependencies": {
        "util-deprecate": "^1.0.2"
      }
    },
    "node_modules/is-fullwidth-code-point": {
      "version": "3.0.0",
      "resolved": "https://registry.npmjs.org/is-fullwidth-code-point/-/is-fullwidth-code-point-3.0.0.tgz",
      "integrity": "sha512-zymm5+u+sCsSWyD9qNaejV3DFvhCKclKdizYaJUuHA83RLjb7nSuGnddCHGv0hk+KY7BMAlsWeK4Ueg6EV6XQg==",
      "engines": {
        "node": ">=8"
      }
    },
    "node_modules/kdbush": {
      "version": "3.0.0",
      "resolved": "https://registry.npmjs.org/kdbush/-/kdbush-3.0.0.tgz",
      "integrity": "sha512-hRkd6/XW4HTsA9vjVpY9tuXJYLSlelnkTmVFu4M9/7MIYQtFcHpbugAU7UbOfjOiVSVYl2fqgBuJ32JUmRo5Ew=="
    },
    "node_modules/locate-path": {
      "version": "5.0.0",
      "resolved": "https://registry.npmjs.org/locate-path/-/locate-path-5.0.0.tgz",
      "integrity": "sha512-t7hw9pI+WvuwNJXwk5zVHpyhIqzg2qTlklJOf0mVxGSbe3Fp2VieZcduNYjaLDoy6p9uGpQEGWG87WpMKlNq8g==",
      "dependencies": {
        "p-locate": "^4.1.0"
      },
      "engines": {
        "node": ">=8"
      }
    },
    "node_modules/p-limit": {
      "version": "2.3.0",
      "resolved": "https://registry.npmjs.org/p-limit/-/p-limit-2.3.0.tgz",
      "integrity": "sha512-//88mFWSJx8lxCzwdAABTJL2MyWB12+eIY7MDL2SqLmAkeKU9qxRvWuSyTjm3FUmpBEMuFfckAIqEaVGUDxb6w==",
      "dependencies": {
        "p-try": "^2.0.0"
      },
      "engines": {
        "node": ">=6"
      },
      "funding": {
        "url": "https://github.com/sponsors/sindresorhus"
      }
    },
    "node_modules/p-locate": {
      "version": "4.1.0",
      "resolved": "https://registry.npmjs.org/p-locate/-/p-locate-4.1.0.tgz",
      "integrity": "sha512-R79ZZ/0wAxKGu3oYMlz8jy/kbhsNrS7SKZ7PxEHBgJ5+F2mtFW2fK2cOtBh1cHYkQsbzFV7I+EoRKe6Yt0oK7A==",
      "dependencies": {
        "p-limit": "^2.2.0"
      },
      "engines": {
        "node": ">=8"
      }
    },
    "node_modules/p-try": {
      "version": "2.2.0",
      "resolved": "https://registry.npmjs.org/p-try/-/p-try-2.2.0.tgz",
      "integrity": "sha512-R4nPAVTAU0B9D35/Gk3uJf/7XYbQcyohSKdvAxIRSNghFl4e71hVoGnBNQz9cWaXxO2I10KTC+3jMdvvoKw6dQ==",
      "engines": {
        "node": ">=6"
      }
    },
    "node_modules/packet-reader": {
      "version": "1.0.0",
      "resolved": "https://registry.npmjs.org/packet-reader/-/packet-reader-1.0.0.tgz",
      "integrity": "sha512-HAKu/fG3HpHFO0AA8WE8q2g+gBJaZ9MG7fcKk+IJPLTGAD6Psw4443l+9DGRbOIh3/aXr7Phy0TjilYivJo5XQ=="
    },
    "node_modules/path-exists": {
      "version": "4.0.0",
      "resolved": "https://registry.npmjs.org/path-exists/-/path-exists-4.0.0.tgz",
      "integrity": "sha512-ak9Qy5Q7jYb2Wwcey5Fpvg2KoAc/ZIhLSLOSBmRmygPsGwkVVt0fZa0qrtMz+m6tJTAHfZQ8FnmB4MG4LWy7/w==",
      "engines": {
        "node": ">=8"
      }
    },
    "node_modules/pg": {
      "version": "8.2.1",
      "resolved": "https://registry.npmjs.org/pg/-/pg-8.2.1.tgz",
      "integrity": "sha512-DKzffhpkWRr9jx7vKxA+ur79KG+SKw+PdjMb1IRhMiKI9zqYUGczwFprqy+5Veh/DCcFs1Y6V8lRLN5I1DlleQ==",
      "dependencies": {
        "buffer-writer": "2.0.0",
        "packet-reader": "1.0.0",
        "pg-connection-string": "^2.2.3",
        "pg-pool": "^3.2.1",
        "pg-protocol": "^1.2.4",
        "pg-types": "^2.1.0",
        "pgpass": "1.x",
        "semver": "4.3.2"
      },
      "engines": {
        "node": ">= 8.0.0"
      }
    },
    "node_modules/pg-connection-string": {
      "version": "2.2.3",
      "resolved": "https://registry.npmjs.org/pg-connection-string/-/pg-connection-string-2.2.3.tgz",
      "integrity": "sha512-I/KCSQGmOrZx6sMHXkOs2MjddrYcqpza3Dtsy0AjIgBr/bZiPJRK9WhABXN1Uy1UDazRbi9gZEzO2sAhL5EqiQ=="
    },
    "node_modules/pg-cursor": {
      "version": "2.2.1",
      "resolved": "https://registry.npmjs.org/pg-cursor/-/pg-cursor-2.2.1.tgz",
      "integrity": "sha512-C0DKcb8do7Mv9tTQvrB+hxPYgJ6FCKnu1CjPMb0txYHW+zULpOH0B01MNtjQA4nrhHJ4Qs1Nf58BGEc158wXIA=="
    },
    "node_modules/pg-int8": {
      "version": "1.0.1",
      "resolved": "https://registry.npmjs.org/pg-int8/-/pg-int8-1.0.1.tgz",
      "integrity": "sha512-WCtabS6t3c8SkpDBUlb1kjOs7l66xsGdKpIPZsg4wR+B3+u9UAum2odSsF9tnvxg80h4ZxLWMy4pRjOsFIqQpw==",
      "engines": {
        "node": ">=4.0.0"
      }
    },
    "node_modules/pg-pool": {
      "version": "3.2.1",
      "resolved": "https://registry.npmjs.org/pg-pool/-/pg-pool-3.2.1.tgz",
      "integrity": "sha512-BQDPWUeKenVrMMDN9opfns/kZo4lxmSWhIqo+cSAF7+lfi9ZclQbr9vfnlNaPr8wYF3UYjm5X0yPAhbcgqNOdA==",
      "peerDependencies": {
        "pg": ">=8.0"
      }
    },
    "node_modules/pg-protocol": {
      "version": "1.2.4",
      "resolved": "https://registry.npmjs.org/pg-protocol/-/pg-protocol-1.2.4.tgz",
      "integrity": "sha512-/8L/G+vW/VhWjTGXpGh8XVkXOFx1ZDY+Yuz//Ab8CfjInzFkreI+fDG3WjCeSra7fIZwAFxzbGptNbm8xSXenw=="
    },
    "node_modules/pg-query-stream": {
      "version": "3.1.1",
      "resolved": "https://registry.npmjs.org/pg-query-stream/-/pg-query-stream-3.1.1.tgz",
      "integrity": "sha512-jkIgIzBPWEHqePfA5dKbjsN9dCFIlGnLQ3pEIhU10OhgyOmi0CuP8cGLNgCbCnbbtZEaSuyCAYpe/rtwYMoL9w==",
      "dependencies": {
        "pg-cursor": "^2.2.1"
      }
    },
    "node_modules/pg-types": {
      "version": "2.2.0",
      "resolved": "https://registry.npmjs.org/pg-types/-/pg-types-2.2.0.tgz",
      "integrity": "sha512-qTAAlrEsl8s4OiEQY69wDvcMIdQN6wdz5ojQiOy6YRMuynxenON0O5oCpJI6lshc6scgAY8qvJ2On/p+CXY0GA==",
      "dependencies": {
        "pg-int8": "1.0.1",
        "postgres-array": "~2.0.0",
        "postgres-bytea": "~1.0.0",
        "postgres-date": "~1.0.4",
        "postgres-interval": "^1.1.0"
      },
      "engines": {
        "node": ">=4"
      }
    },
    "node_modules/pgpass": {
      "version": "1.0.2",
      "resolved": "https://registry.npmjs.org/pgpass/-/pgpass-1.0.2.tgz",
      "integrity": "sha1-Knu0G2BltnkH6R2hsHwYR8h3swY=",
      "dependencies": {
        "split": "^1.0.0"
      }
    },
    "node_modules/postgres-array": {
      "version": "2.0.0",
      "resolved": "https://registry.npmjs.org/postgres-array/-/postgres-array-2.0.0.tgz",
      "integrity": "sha512-VpZrUqU5A69eQyW2c5CA1jtLecCsN2U/bD6VilrFDWq5+5UIEVO7nazS3TEcHf1zuPYO/sqGvUvW62g86RXZuA==",
      "engines": {
        "node": ">=4"
      }
    },
    "node_modules/postgres-bytea": {
      "version": "1.0.0",
      "resolved": "https://registry.npmjs.org/postgres-bytea/-/postgres-bytea-1.0.0.tgz",
      "integrity": "sha1-AntTPAqokOJtFy1Hz5zOzFIazTU=",
      "engines": {
        "node": ">=0.10.0"
      }
    },
    "node_modules/postgres-date": {
      "version": "1.0.5",
      "resolved": "https://registry.npmjs.org/postgres-date/-/postgres-date-1.0.5.tgz",
      "integrity": "sha512-pdau6GRPERdAYUQwkBnGKxEfPyhVZXG/JiS44iZWiNdSOWE09N2lUgN6yshuq6fVSon4Pm0VMXd1srUUkLe9iA==",
      "engines": {
        "node": ">=0.10.0"
      }
    },
    "node_modules/postgres-interval": {
      "version": "1.2.0",
      "resolved": "https://registry.npmjs.org/postgres-interval/-/postgres-interval-1.2.0.tgz",
      "integrity": "sha512-9ZhXKM/rw350N1ovuWHbGxnGh/SNJ4cnxHiM0rxE4VN41wsg8P8zWn9hv/buK00RP4WvlOyr/RBDiptyxVbkZQ==",
      "dependencies": {
        "xtend": "^4.0.0"
      },
      "engines": {
        "node": ">=0.10.0"
      }
    },
    "node_modules/ramda": {
      "version": "0.27.1",
      "resolved": "https://registry.npmjs.org/ramda/-/ramda-0.27.1.tgz",
      "integrity": "sha512-PgIdVpn5y5Yns8vqb8FzBUEYn98V3xcPgawAkkgj0YJ0qDsnHCiNmZYfOGMgOvoB0eWFLpYbhxUR3mxfDIMvpw=="
    },
    "node_modules/require-directory": {
      "version": "2.1.1",
      "resolved": "https://registry.npmjs.org/require-directory/-/require-directory-2.1.1.tgz",
      "integrity": "sha1-jGStX9MNqxyXbiNE/+f3kqam30I=",
      "engines": {
        "node": ">=0.10.0"
      }
    },
    "node_modules/require-main-filename": {
      "version": "2.0.0",
      "resolved": "https://registry.npmjs.org/require-main-filename/-/require-main-filename-2.0.0.tgz",
      "integrity": "sha512-NKN5kMDylKuldxYLSUfrbo5Tuzh4hd+2E8NPPX02mZtn1VuREQToYe/ZdlJy+J3uCpfaiGF05e7B8W0iXbQHmg=="
    },
    "node_modules/semver": {
      "version": "4.3.2",
      "resolved": "https://registry.npmjs.org/semver/-/semver-4.3.2.tgz",
      "integrity": "sha1-x6BxWKgL7dBSNVt3DYLWZA+AO+c=",
      "bin": {
        "semver": "bin/semver"
      }
    },
    "node_modules/set-blocking": {
      "version": "2.0.0",
      "resolved": "https://registry.npmjs.org/set-blocking/-/set-blocking-2.0.0.tgz",
      "integrity": "sha1-BF+XgtARrppoA93TgrJDkrPYkPc="
    },
    "node_modules/simple-statistics": {
      "version": "7.4.1",
      "resolved": "https://registry.npmjs.org/simple-statistics/-/simple-statistics-7.4.1.tgz",
      "integrity": "sha512-OWOsEXPkuvWR7meRfl5vX4g0LO3zlL8oBeG/AyctL39UIueHprwzEQfbOQKwhyrltM/Ra9jea653Ap5KvQnKyQ==",
      "engines": {
        "node": "*"
      }
    },
    "node_modules/split": {
      "version": "1.0.1",
      "resolved": "https://registry.npmjs.org/split/-/split-1.0.1.tgz",
      "integrity": "sha512-mTyOoPbrivtXnwnIxZRFYRrPNtEFKlpB2fvjSnCQUiAA6qAZzqwna5envK4uk6OIeP17CsdF3rSBGYVBsU0Tkg==",
      "dependencies": {
        "through": "2"
      },
      "engines": {
        "node": "*"
      }
    },
    "node_modules/string-width": {
      "version": "4.2.0",
      "resolved": "https://registry.npmjs.org/string-width/-/string-width-4.2.0.tgz",
      "integrity": "sha512-zUz5JD+tgqtuDjMhwIg5uFVV3dtqZ9yQJlZVfq4I01/K5Paj5UHj7VyrQOJvzawSVlKpObApbfD0Ed6yJc+1eg==",
      "dependencies": {
        "emoji-regex": "^8.0.0",
        "is-fullwidth-code-point": "^3.0.0",
        "strip-ansi": "^6.0.0"
      },
      "engines": {
        "node": ">=8"
      }
    },
    "node_modules/strip-ansi": {
      "version": "6.0.0",
      "resolved": "https://registry.npmjs.org/strip-ansi/-/strip-ansi-6.0.0.tgz",
      "integrity": "sha512-AuvKTrTfQNYNIctbR1K/YGTR1756GycPsg7b9bdV9Duqur4gv6aKqHXah67Z8ImS7WEz5QVcOtlfW2rZEugt6w==",
      "dependencies": {
        "ansi-regex": "^5.0.0"
      },
      "engines": {
        "node": ">=8"
      }
    },
    "node_modules/through": {
      "version": "2.3.8",
      "resolved": "https://registry.npmjs.org/through/-/through-2.3.8.tgz",
      "integrity": "sha1-DdTJ/6q8NXlgsbckEV1+Doai4fU="
    },
    "node_modules/tinyqueue": {
      "version": "1.2.3",
      "resolved": "https://registry.npmjs.org/tinyqueue/-/tinyqueue-1.2.3.tgz",
      "integrity": "sha512-Qz9RgWuO9l8lT+Y9xvbzhPT2efIUIFd69N7eF7tJ9lnQl0iLj1M7peK7IoUGZL9DJHw9XftqLreccfxcQgYLxA=="
    },
    "node_modules/util-deprecate": {
      "version": "1.0.2",
      "resolved": "https://registry.npmjs.org/util-deprecate/-/util-deprecate-1.0.2.tgz",
      "integrity": "sha1-RQ1Nyfpw3nMnYvvS1KKJgUGaDM8="
    },
    "node_modules/which-module": {
      "version": "2.0.0",
      "resolved": "https://registry.npmjs.org/which-module/-/which-module-2.0.0.tgz",
      "integrity": "sha1-2e8H3Od7mQK4o6j6SzHD4/fm6Ho="
    },
    "node_modules/wrap-ansi": {
      "version": "6.2.0",
      "resolved": "https://registry.npmjs.org/wrap-ansi/-/wrap-ansi-6.2.0.tgz",
      "integrity": "sha512-r6lPcBGxZXlIcymEu7InxDMhdW0KDxpLgoFLcguasxCaJ/SOIZwINatK9KY/tf+ZrlywOKU0UDj3ATXUBfxJXA==",
      "dependencies": {
        "ansi-styles": "^4.0.0",
        "string-width": "^4.1.0",
        "strip-ansi": "^6.0.0"
      },
      "engines": {
        "node": ">=8"
      }
    },
    "node_modules/xtend": {
      "version": "4.0.2",
      "resolved": "https://registry.npmjs.org/xtend/-/xtend-4.0.2.tgz",
      "integrity": "sha512-LKYU1iAXJXUgAXn9URjiu+MWhyUXHsvfp7mcuYm9dSUKK0/CjtrUwFAxD82/mCWbtLsGjFIad0wIsod4zrTAEQ==",
      "engines": {
        "node": ">=0.4"
      }
    },
    "node_modules/y18n": {
      "version": "4.0.3",
      "resolved": "https://registry.npmjs.org/y18n/-/y18n-4.0.3.tgz",
      "integrity": "sha512-JKhqTOwSrqNA1NY5lSztJ1GrBiUodLMmIZuLiDaMRJ+itFd+ABVE8XBjOvIWL+rSqNDC74LCSFmlb/U4UZ4hJQ=="
    },
    "node_modules/yargs": {
      "version": "15.3.1",
      "resolved": "https://registry.npmjs.org/yargs/-/yargs-15.3.1.tgz",
      "integrity": "sha512-92O1HWEjw27sBfgmXiixJWT5hRBp2eobqXicLtPBIDBhYB+1HpwZlXmbW2luivBJHBzki+7VyCLRtAkScbTBQA==",
      "dependencies": {
        "cliui": "^6.0.0",
        "decamelize": "^1.2.0",
        "find-up": "^4.1.0",
        "get-caller-file": "^2.0.1",
        "require-directory": "^2.1.1",
        "require-main-filename": "^2.0.0",
        "set-blocking": "^2.0.0",
        "string-width": "^4.2.0",
        "which-module": "^2.0.0",
        "y18n": "^4.0.0",
        "yargs-parser": "^18.1.1"
      },
      "engines": {
        "node": ">=8"
      }
    },
    "node_modules/yargs-parser": {
      "version": "18.1.3",
      "resolved": "https://registry.npmjs.org/yargs-parser/-/yargs-parser-18.1.3.tgz",
      "integrity": "sha512-o50j0JeToy/4K6OZcaQmW6lyXXKhq7csREXcDwk2omFPJEwUNOVtJKvmDr9EI1fAJZUyZcRF7kxGBWmRXudrCQ==",
      "dependencies": {
        "camelcase": "^5.0.0",
        "decamelize": "^1.2.0"
      },
      "engines": {
        "node": ">=6"
      }
    }
  },
  "dependencies": {
    "@types/color-name": {
      "version": "1.1.1",
      "resolved": "https://registry.npmjs.org/@types/color-name/-/color-name-1.1.1.tgz",
      "integrity": "sha512-rr+OQyAjxze7GgWrSaJwydHStIhHq2lvY3BOC2Mj7KnzI7XK0Uw1TOOdI9lDoajEbSWLiYgoo4f1R51erQfhPQ=="
    },
    "ansi-regex": {
      "version": "5.0.1",
      "resolved": "https://registry.npmjs.org/ansi-regex/-/ansi-regex-5.0.1.tgz",
      "integrity": "sha512-quJQXlTSUGL2LH9SUXo8VwsY4soanhgo6LNSm84E1LBcE8s3O0wpdiRzyR9z/ZZJMlMWv37qOOb9pdJlMUEKFQ=="
    },
    "ansi-styles": {
      "version": "4.2.1",
      "resolved": "https://registry.npmjs.org/ansi-styles/-/ansi-styles-4.2.1.tgz",
      "integrity": "sha512-9VGjrMsG1vePxcSweQsN20KY/c4zN0h9fLjqAbwbPfahM3t+NL+M9HC8xeXG2I8pX5NoamTGNuomEUFI7fcUjA==",
      "requires": {
        "@types/color-name": "^1.1.1",
        "color-convert": "^2.0.1"
      }
    },
    "buffer-writer": {
      "version": "2.0.0",
      "resolved": "https://registry.npmjs.org/buffer-writer/-/buffer-writer-2.0.0.tgz",
      "integrity": "sha512-a7ZpuTZU1TRtnwyCNW3I5dc0wWNC3VR9S++Ewyk2HHZdrO3CQJqSpd+95Us590V6AL7JqUAH2IwZ/398PmNFgw=="
    },
    "camelcase": {
      "version": "5.3.1",
      "resolved": "https://registry.npmjs.org/camelcase/-/camelcase-5.3.1.tgz",
      "integrity": "sha512-L28STB170nwWS63UjtlEOE3dldQApaJXZkOI1uMFfzf3rRuPegHaHesyee+YxQ+W6SvRDQV6UrdOdRiR153wJg=="
    },
    "cliui": {
      "version": "6.0.0",
      "resolved": "https://registry.npmjs.org/cliui/-/cliui-6.0.0.tgz",
      "integrity": "sha512-t6wbgtoCXvAzst7QgXxJYqPt0usEfbgQdftEPbLL/cvv6HPE5VgvqCuAIDR0NgU52ds6rFwqrgakNLrHEjCbrQ==",
      "requires": {
        "string-width": "^4.2.0",
        "strip-ansi": "^6.0.0",
        "wrap-ansi": "^6.2.0"
      }
    },
    "color-convert": {
      "version": "2.0.1",
      "resolved": "https://registry.npmjs.org/color-convert/-/color-convert-2.0.1.tgz",
      "integrity": "sha512-RRECPsj7iu/xb5oKYcsFHSppFNnsj/52OVTRKb4zP5onXwVF3zVmmToNcOfGC+CRDpfK/U584fMg38ZHCaElKQ==",
      "requires": {
        "color-name": "~1.1.4"
      }
    },
    "color-name": {
      "version": "1.1.4",
      "resolved": "https://registry.npmjs.org/color-name/-/color-name-1.1.4.tgz",
      "integrity": "sha512-dOy+3AuW3a2wNbZHIuMZpTcgjGuLU/uBL/ubcZF9OXbDo8ff4O8yVp5Bf0efS8uEoYo5q4Fx7dY9OgQGXgAsQA=="
    },
    "decamelize": {
      "version": "1.2.0",
      "resolved": "https://registry.npmjs.org/decamelize/-/decamelize-1.2.0.tgz",
      "integrity": "sha1-9lNNFRSCabIDUue+4m9QH5oZEpA="
    },
    "emoji-regex": {
      "version": "8.0.0",
      "resolved": "https://registry.npmjs.org/emoji-regex/-/emoji-regex-8.0.0.tgz",
      "integrity": "sha512-MSjYzcWNOA0ewAHpz0MxpYFvwg6yjy1NG3xteoqz644VCo/RPgnr1/GGt+ic3iJTzQ8Eu3TdM14SawnVUmGE6A=="
    },
    "find-up": {
      "version": "4.1.0",
      "resolved": "https://registry.npmjs.org/find-up/-/find-up-4.1.0.tgz",
      "integrity": "sha512-PpOwAdQ/YlXQ2vj8a3h8IipDuYRi3wceVQQGYWxNINccq40Anw7BlsEXCMbt1Zt+OLA6Fq9suIpIWD0OsnISlw==",
      "requires": {
        "locate-path": "^5.0.0",
        "path-exists": "^4.0.0"
      }
    },
    "flatbush": {
      "version": "3.3.0",
      "resolved": "https://registry.npmjs.org/flatbush/-/flatbush-3.3.0.tgz",
      "integrity": "sha512-F3EzQvKpdmXUbFwWxLKBpytOFEGYQMCTBLuqZ4GEajFOEAvnOIBiyxW3OFSZXIOtpCS8teN6bFEpNZtnVXuDQA==",
      "requires": {
        "flatqueue": "^1.2.0"
      }
    },
    "flatqueue": {
      "version": "1.2.1",
      "resolved": "https://registry.npmjs.org/flatqueue/-/flatqueue-1.2.1.tgz",
      "integrity": "sha512-X86TpWS1rGuY7m382HuA9vngLeDuWA9lJvhEG+GfgKMV5onSvx5a71cl7GMbXzhWtlN9dGfqOBrpfqeOtUfGYQ=="
    },
    "geokdbush": {
      "version": "1.1.0",
      "resolved": "https://registry.npmjs.org/geokdbush/-/geokdbush-1.1.0.tgz",
      "integrity": "sha1-ql6OeVOmWUtAqF+9thBZrw9RRo8=",
      "requires": {
        "tinyqueue": "^1.2.2"
      }
    },
    "get-caller-file": {
      "version": "2.0.5",
      "resolved": "https://registry.npmjs.org/get-caller-file/-/get-caller-file-2.0.5.tgz",
      "integrity": "sha512-DyFP3BM/3YHTQOCUL/w0OZHR0lpKeGrxotcHWcqNEdnltqFwXVfhEBQ94eIo34AfQpo0rGki4cyIiftY06h2Fg=="
    },
    "highland": {
      "version": "2.13.5",
      "resolved": "https://registry.npmjs.org/highland/-/highland-2.13.5.tgz",
      "integrity": "sha512-dn2flPapIIAa4BtkB2ahjshg8iSJtrJtdhEb9/oiOrS5HMQTR/GuhFpqJ+11YBdtnl3AwWKvbZd1Uxr8uAmA7A==",
      "requires": {
        "util-deprecate": "^1.0.2"
      }
    },
    "is-fullwidth-code-point": {
      "version": "3.0.0",
      "resolved": "https://registry.npmjs.org/is-fullwidth-code-point/-/is-fullwidth-code-point-3.0.0.tgz",
      "integrity": "sha512-zymm5+u+sCsSWyD9qNaejV3DFvhCKclKdizYaJUuHA83RLjb7nSuGnddCHGv0hk+KY7BMAlsWeK4Ueg6EV6XQg=="
    },
    "kdbush": {
      "version": "3.0.0",
      "resolved": "https://registry.npmjs.org/kdbush/-/kdbush-3.0.0.tgz",
      "integrity": "sha512-hRkd6/XW4HTsA9vjVpY9tuXJYLSlelnkTmVFu4M9/7MIYQtFcHpbugAU7UbOfjOiVSVYl2fqgBuJ32JUmRo5Ew=="
    },
    "locate-path": {
      "version": "5.0.0",
      "resolved": "https://registry.npmjs.org/locate-path/-/locate-path-5.0.0.tgz",
      "integrity": "sha512-t7hw9pI+WvuwNJXwk5zVHpyhIqzg2qTlklJOf0mVxGSbe3Fp2VieZcduNYjaLDoy6p9uGpQEGWG87WpMKlNq8g==",
      "requires": {
        "p-locate": "^4.1.0"
      }
    },
    "p-limit": {
      "version": "2.3.0",
      "resolved": "https://registry.npmjs.org/p-limit/-/p-limit-2.3.0.tgz",
      "integrity": "sha512-//88mFWSJx8lxCzwdAABTJL2MyWB12+eIY7MDL2SqLmAkeKU9qxRvWuSyTjm3FUmpBEMuFfckAIqEaVGUDxb6w==",
      "requires": {
        "p-try": "^2.0.0"
      }
    },
    "p-locate": {
      "version": "4.1.0",
      "resolved": "https://registry.npmjs.org/p-locate/-/p-locate-4.1.0.tgz",
      "integrity": "sha512-R79ZZ/0wAxKGu3oYMlz8jy/kbhsNrS7SKZ7PxEHBgJ5+F2mtFW2fK2cOtBh1cHYkQsbzFV7I+EoRKe6Yt0oK7A==",
      "requires": {
        "p-limit": "^2.2.0"
      }
    },
    "p-try": {
      "version": "2.2.0",
      "resolved": "https://registry.npmjs.org/p-try/-/p-try-2.2.0.tgz",
      "integrity": "sha512-R4nPAVTAU0B9D35/Gk3uJf/7XYbQcyohSKdvAxIRSNghFl4e71hVoGnBNQz9cWaXxO2I10KTC+3jMdvvoKw6dQ=="
    },
    "packet-reader": {
      "version": "1.0.0",
      "resolved": "https://registry.npmjs.org/packet-reader/-/packet-reader-1.0.0.tgz",
      "integrity": "sha512-HAKu/fG3HpHFO0AA8WE8q2g+gBJaZ9MG7fcKk+IJPLTGAD6Psw4443l+9DGRbOIh3/aXr7Phy0TjilYivJo5XQ=="
    },
    "path-exists": {
      "version": "4.0.0",
      "resolved": "https://registry.npmjs.org/path-exists/-/path-exists-4.0.0.tgz",
      "integrity": "sha512-ak9Qy5Q7jYb2Wwcey5Fpvg2KoAc/ZIhLSLOSBmRmygPsGwkVVt0fZa0qrtMz+m6tJTAHfZQ8FnmB4MG4LWy7/w=="
    },
    "pg": {
      "version": "8.2.1",
      "resolved": "https://registry.npmjs.org/pg/-/pg-8.2.1.tgz",
      "integrity": "sha512-DKzffhpkWRr9jx7vKxA+ur79KG+SKw+PdjMb1IRhMiKI9zqYUGczwFprqy+5Veh/DCcFs1Y6V8lRLN5I1DlleQ==",
      "requires": {
        "buffer-writer": "2.0.0",
        "packet-reader": "1.0.0",
        "pg-connection-string": "^2.2.3",
        "pg-pool": "^3.2.1",
        "pg-protocol": "^1.2.4",
        "pg-types": "^2.1.0",
        "pgpass": "1.x",
        "semver": "4.3.2"
      }
    },
    "pg-connection-string": {
      "version": "2.2.3",
      "resolved": "https://registry.npmjs.org/pg-connection-string/-/pg-connection-string-2.2.3.tgz",
      "integrity": "sha512-I/KCSQGmOrZx6sMHXkOs2MjddrYcqpza3Dtsy0AjIgBr/bZiPJRK9WhABXN1Uy1UDazRbi9gZEzO2sAhL5EqiQ=="
    },
    "pg-cursor": {
      "version": "2.2.1",
      "resolved": "https://registry.npmjs.org/pg-cursor/-/pg-cursor-2.2.1.tgz",
      "integrity": "sha512-C0DKcb8do7Mv9tTQvrB+hxPYgJ6FCKnu1CjPMb0txYHW+zULpOH0B01MNtjQA4nrhHJ4Qs1Nf58BGEc158wXIA=="
    },
    "pg-int8": {
      "version": "1.0.1",
      "resolved": "https://registry.npmjs.org/pg-int8/-/pg-int8-1.0.1.tgz",
      "integrity": "sha512-WCtabS6t3c8SkpDBUlb1kjOs7l66xsGdKpIPZsg4wR+B3+u9UAum2odSsF9tnvxg80h4ZxLWMy4pRjOsFIqQpw=="
    },
    "pg-pool": {
      "version": "3.2.1",
      "resolved": "https://registry.npmjs.org/pg-pool/-/pg-pool-3.2.1.tgz",
      "integrity": "sha512-BQDPWUeKenVrMMDN9opfns/kZo4lxmSWhIqo+cSAF7+lfi9ZclQbr9vfnlNaPr8wYF3UYjm5X0yPAhbcgqNOdA==",
      "requires": {}
    },
    "pg-protocol": {
      "version": "1.2.4",
      "resolved": "https://registry.npmjs.org/pg-protocol/-/pg-protocol-1.2.4.tgz",
      "integrity": "sha512-/8L/G+vW/VhWjTGXpGh8XVkXOFx1ZDY+Yuz//Ab8CfjInzFkreI+fDG3WjCeSra7fIZwAFxzbGptNbm8xSXenw=="
    },
    "pg-query-stream": {
      "version": "3.1.1",
      "resolved": "https://registry.npmjs.org/pg-query-stream/-/pg-query-stream-3.1.1.tgz",
      "integrity": "sha512-jkIgIzBPWEHqePfA5dKbjsN9dCFIlGnLQ3pEIhU10OhgyOmi0CuP8cGLNgCbCnbbtZEaSuyCAYpe/rtwYMoL9w==",
      "requires": {
        "pg-cursor": "^2.2.1"
      }
    },
    "pg-types": {
      "version": "2.2.0",
      "resolved": "https://registry.npmjs.org/pg-types/-/pg-types-2.2.0.tgz",
      "integrity": "sha512-qTAAlrEsl8s4OiEQY69wDvcMIdQN6wdz5ojQiOy6YRMuynxenON0O5oCpJI6lshc6scgAY8qvJ2On/p+CXY0GA==",
      "requires": {
        "pg-int8": "1.0.1",
        "postgres-array": "~2.0.0",
        "postgres-bytea": "~1.0.0",
        "postgres-date": "~1.0.4",
        "postgres-interval": "^1.1.0"
      }
    },
    "pgpass": {
      "version": "1.0.2",
      "resolved": "https://registry.npmjs.org/pgpass/-/pgpass-1.0.2.tgz",
      "integrity": "sha1-Knu0G2BltnkH6R2hsHwYR8h3swY=",
      "requires": {
        "split": "^1.0.0"
      }
    },
    "postgres-array": {
      "version": "2.0.0",
      "resolved": "https://registry.npmjs.org/postgres-array/-/postgres-array-2.0.0.tgz",
      "integrity": "sha512-VpZrUqU5A69eQyW2c5CA1jtLecCsN2U/bD6VilrFDWq5+5UIEVO7nazS3TEcHf1zuPYO/sqGvUvW62g86RXZuA=="
    },
    "postgres-bytea": {
      "version": "1.0.0",
      "resolved": "https://registry.npmjs.org/postgres-bytea/-/postgres-bytea-1.0.0.tgz",
      "integrity": "sha1-AntTPAqokOJtFy1Hz5zOzFIazTU="
    },
    "postgres-date": {
      "version": "1.0.5",
      "resolved": "https://registry.npmjs.org/postgres-date/-/postgres-date-1.0.5.tgz",
      "integrity": "sha512-pdau6GRPERdAYUQwkBnGKxEfPyhVZXG/JiS44iZWiNdSOWE09N2lUgN6yshuq6fVSon4Pm0VMXd1srUUkLe9iA=="
    },
    "postgres-interval": {
      "version": "1.2.0",
      "resolved": "https://registry.npmjs.org/postgres-interval/-/postgres-interval-1.2.0.tgz",
      "integrity": "sha512-9ZhXKM/rw350N1ovuWHbGxnGh/SNJ4cnxHiM0rxE4VN41wsg8P8zWn9hv/buK00RP4WvlOyr/RBDiptyxVbkZQ==",
      "requires": {
        "xtend": "^4.0.0"
      }
    },
    "ramda": {
      "version": "0.27.1",
      "resolved": "https://registry.npmjs.org/ramda/-/ramda-0.27.1.tgz",
      "integrity": "sha512-PgIdVpn5y5Yns8vqb8FzBUEYn98V3xcPgawAkkgj0YJ0qDsnHCiNmZYfOGMgOvoB0eWFLpYbhxUR3mxfDIMvpw=="
    },
    "require-directory": {
      "version": "2.1.1",
      "resolved": "https://registry.npmjs.org/require-directory/-/require-directory-2.1.1.tgz",
      "integrity": "sha1-jGStX9MNqxyXbiNE/+f3kqam30I="
    },
    "require-main-filename": {
      "version": "2.0.0",
      "resolved": "https://registry.npmjs.org/require-main-filename/-/require-main-filename-2.0.0.tgz",
      "integrity": "sha512-NKN5kMDylKuldxYLSUfrbo5Tuzh4hd+2E8NPPX02mZtn1VuREQToYe/ZdlJy+J3uCpfaiGF05e7B8W0iXbQHmg=="
    },
    "semver": {
      "version": "4.3.2",
      "resolved": "https://registry.npmjs.org/semver/-/semver-4.3.2.tgz",
      "integrity": "sha1-x6BxWKgL7dBSNVt3DYLWZA+AO+c="
    },
    "set-blocking": {
      "version": "2.0.0",
      "resolved": "https://registry.npmjs.org/set-blocking/-/set-blocking-2.0.0.tgz",
      "integrity": "sha1-BF+XgtARrppoA93TgrJDkrPYkPc="
    },
    "simple-statistics": {
      "version": "7.4.1",
      "resolved": "https://registry.npmjs.org/simple-statistics/-/simple-statistics-7.4.1.tgz",
      "integrity": "sha512-OWOsEXPkuvWR7meRfl5vX4g0LO3zlL8oBeG/AyctL39UIueHprwzEQfbOQKwhyrltM/Ra9jea653Ap5KvQnKyQ=="
    },
    "split": {
      "version": "1.0.1",
      "resolved": "https://registry.npmjs.org/split/-/split-1.0.1.tgz",
      "integrity": "sha512-mTyOoPbrivtXnwnIxZRFYRrPNtEFKlpB2fvjSnCQUiAA6qAZzqwna5envK4uk6OIeP17CsdF3rSBGYVBsU0Tkg==",
      "requires": {
        "through": "2"
      }
    },
    "string-width": {
      "version": "4.2.0",
      "resolved": "https://registry.npmjs.org/string-width/-/string-width-4.2.0.tgz",
      "integrity": "sha512-zUz5JD+tgqtuDjMhwIg5uFVV3dtqZ9yQJlZVfq4I01/K5Paj5UHj7VyrQOJvzawSVlKpObApbfD0Ed6yJc+1eg==",
      "requires": {
        "emoji-regex": "^8.0.0",
        "is-fullwidth-code-point": "^3.0.0",
        "strip-ansi": "^6.0.0"
      }
    },
    "strip-ansi": {
      "version": "6.0.0",
      "resolved": "https://registry.npmjs.org/strip-ansi/-/strip-ansi-6.0.0.tgz",
      "integrity": "sha512-AuvKTrTfQNYNIctbR1K/YGTR1756GycPsg7b9bdV9Duqur4gv6aKqHXah67Z8ImS7WEz5QVcOtlfW2rZEugt6w==",
      "requires": {
        "ansi-regex": "^5.0.0"
      }
    },
    "through": {
      "version": "2.3.8",
      "resolved": "https://registry.npmjs.org/through/-/through-2.3.8.tgz",
      "integrity": "sha1-DdTJ/6q8NXlgsbckEV1+Doai4fU="
    },
    "tinyqueue": {
      "version": "1.2.3",
      "resolved": "https://registry.npmjs.org/tinyqueue/-/tinyqueue-1.2.3.tgz",
      "integrity": "sha512-Qz9RgWuO9l8lT+Y9xvbzhPT2efIUIFd69N7eF7tJ9lnQl0iLj1M7peK7IoUGZL9DJHw9XftqLreccfxcQgYLxA=="
    },
    "util-deprecate": {
      "version": "1.0.2",
      "resolved": "https://registry.npmjs.org/util-deprecate/-/util-deprecate-1.0.2.tgz",
      "integrity": "sha1-RQ1Nyfpw3nMnYvvS1KKJgUGaDM8="
    },
    "which-module": {
      "version": "2.0.0",
      "resolved": "https://registry.npmjs.org/which-module/-/which-module-2.0.0.tgz",
      "integrity": "sha1-2e8H3Od7mQK4o6j6SzHD4/fm6Ho="
    },
    "wrap-ansi": {
      "version": "6.2.0",
      "resolved": "https://registry.npmjs.org/wrap-ansi/-/wrap-ansi-6.2.0.tgz",
      "integrity": "sha512-r6lPcBGxZXlIcymEu7InxDMhdW0KDxpLgoFLcguasxCaJ/SOIZwINatK9KY/tf+ZrlywOKU0UDj3ATXUBfxJXA==",
      "requires": {
        "ansi-styles": "^4.0.0",
        "string-width": "^4.1.0",
        "strip-ansi": "^6.0.0"
      }
    },
    "xtend": {
      "version": "4.0.2",
      "resolved": "https://registry.npmjs.org/xtend/-/xtend-4.0.2.tgz",
      "integrity": "sha512-LKYU1iAXJXUgAXn9URjiu+MWhyUXHsvfp7mcuYm9dSUKK0/CjtrUwFAxD82/mCWbtLsGjFIad0wIsod4zrTAEQ=="
    },
    "y18n": {
      "version": "4.0.3",
      "resolved": "https://registry.npmjs.org/y18n/-/y18n-4.0.3.tgz",
      "integrity": "sha512-JKhqTOwSrqNA1NY5lSztJ1GrBiUodLMmIZuLiDaMRJ+itFd+ABVE8XBjOvIWL+rSqNDC74LCSFmlb/U4UZ4hJQ=="
    },
    "yargs": {
      "version": "15.3.1",
      "resolved": "https://registry.npmjs.org/yargs/-/yargs-15.3.1.tgz",
      "integrity": "sha512-92O1HWEjw27sBfgmXiixJWT5hRBp2eobqXicLtPBIDBhYB+1HpwZlXmbW2luivBJHBzki+7VyCLRtAkScbTBQA==",
      "requires": {
        "cliui": "^6.0.0",
        "decamelize": "^1.2.0",
        "find-up": "^4.1.0",
        "get-caller-file": "^2.0.1",
        "require-directory": "^2.1.1",
        "require-main-filename": "^2.0.0",
        "set-blocking": "^2.0.0",
        "string-width": "^4.2.0",
        "which-module": "^2.0.0",
        "y18n": "^4.0.0",
        "yargs-parser": "^18.1.1"
      }
    },
    "yargs-parser": {
      "version": "18.1.3",
      "resolved": "https://registry.npmjs.org/yargs-parser/-/yargs-parser-18.1.3.tgz",
      "integrity": "sha512-o50j0JeToy/4K6OZcaQmW6lyXXKhq7csREXcDwk2omFPJEwUNOVtJKvmDr9EI1fAJZUyZcRF7kxGBWmRXudrCQ==",
      "requires": {
        "camelcase": "^5.0.0",
        "decamelize": "^1.2.0"
      }
    }
  }
}
